
Microsoft Visual Studio Solution File, Format Version 12.00
# Visual Studio Version 17
VisualStudioVersion = 17.0.31903.59
MinimumVisualStudioVersion = 10.0.40219.1
Project("{FAE04EC0-301F-11D3-BF4B-00C04F79EFBC}") = "OnlineMarket.Core", "OnlineMarket.Core\OnlineMarket.Core.csproj", "{0F6F1AE3-C79E-4CD9-B498-5A0AECAE7228}"
EndProject
Project("{FAE04EC0-301F-11D3-BF4B-00C04F79EFBC}") = "OnlineMarket.Tests", "OnlineMarket.Tests\OnlineMarket.Tests.csproj", "{6B026FB2-FF3C-4F3A-8EAF-F9E8039424D4}"
EndProject
Project("{FAE04EC0-301F-11D3-BF4B-00C04F79EFBC}") = "OnlineMarket.OrleansImpl", "OnlineMarket.OrleansImpl\OnlineMarket.OrleansImpl.csproj", "{13BCADD1-58AC-49C7-923C-51B0F2C57C5B}"
EndProject
Project("{FAE04EC0-301F-11D3-BF4B-00C04F79EFBC}") = "OnlineMarket.OrleansImpl.Tests", "OnlineMarket.OrleansImpl.Tests\OnlineMarket.OrleansImpl.Tests.csproj", "{CAAD98A9-6917-479C-AF92-73233AEBF0E3}"
EndProject
Project("{FAE04EC0-301F-11D3-BF4B-00C04F79EFBC}") = "Silo", "Silo\Silo.csproj", "{EDDB19BF-9D4A-4324-AF73-926336111981}"
EndProject
Project("{FAE04EC0-301F-11D3-BF4B-00C04F79EFBC}") = "OnlineMarket.DaprImpl.Tests", "OnlineMarket.DaprImpl.Tests\OnlineMarket.DaprImpl.Tests.csproj", "{059D9A98-2AD0-439B-B326-6BA9F6D1CECC}"
EndProject
Project("{2150E333-8FDC-42A3-9474-1A3956D46DE8}") = "OnlineMarket.DaprImpl", "OnlineMarket.DaprImpl", "{2E8D784C-87B7-46E7-B851-7C0986DCDBC1}"
EndProject
Project("{FAE04EC0-301F-11D3-BF4B-00C04F79EFBC}") = "CartMS", "OnlineMarket.DaprImpl\CartMS\CartMS.csproj", "{472C8EB1-2F33-4451-A703-C9DDC5C8E89C}"
EndProject
Project("{FAE04EC0-301F-11D3-BF4B-00C04F79EFBC}") = "ProductMS", "OnlineMarket.DaprImpl\ProductMS\ProductMS.csproj", "{29904019-B27F-43C8-AD72-E57B70F892F5}"
EndProject
Global
	GlobalSection(SolutionConfigurationPlatforms) = preSolution
		Debug|Any CPU = Debug|Any CPU
		Release|Any CPU = Release|Any CPU
	EndGlobalSection
	GlobalSection(SolutionProperties) = preSolution
		HideSolutionNode = FALSE
	EndGlobalSection
	GlobalSection(ProjectConfigurationPlatforms) = postSolution
		{0F6F1AE3-C79E-4CD9-B498-5A0AECAE7228}.Debug|Any CPU.ActiveCfg = Debug|Any CPU
		{0F6F1AE3-C79E-4CD9-B498-5A0AECAE7228}.Debug|Any CPU.Build.0 = Debug|Any CPU
		{0F6F1AE3-C79E-4CD9-B498-5A0AECAE7228}.Release|Any CPU.ActiveCfg = Release|Any CPU
		{0F6F1AE3-C79E-4CD9-B498-5A0AECAE7228}.Release|Any CPU.Build.0 = Release|Any CPU
		{6B026FB2-FF3C-4F3A-8EAF-F9E8039424D4}.Debug|Any CPU.ActiveCfg = Debug|Any CPU
		{6B026FB2-FF3C-4F3A-8EAF-F9E8039424D4}.Debug|Any CPU.Build.0 = Debug|Any CPU
		{6B026FB2-FF3C-4F3A-8EAF-F9E8039424D4}.Release|Any CPU.ActiveCfg = Release|Any CPU
		{6B026FB2-FF3C-4F3A-8EAF-F9E8039424D4}.Release|Any CPU.Build.0 = Release|Any CPU
		{13BCADD1-58AC-49C7-923C-51B0F2C57C5B}.Debug|Any CPU.ActiveCfg = Debug|Any CPU
		{13BCADD1-58AC-49C7-923C-51B0F2C57C5B}.Debug|Any CPU.Build.0 = Debug|Any CPU
		{13BCADD1-58AC-49C7-923C-51B0F2C57C5B}.Release|Any CPU.ActiveCfg = Release|Any CPU
		{13BCADD1-58AC-49C7-923C-51B0F2C57C5B}.Release|Any CPU.Build.0 = Release|Any CPU
		{CAAD98A9-6917-479C-AF92-73233AEBF0E3}.Debug|Any CPU.ActiveCfg = Debug|Any CPU
		{CAAD98A9-6917-479C-AF92-73233AEBF0E3}.Debug|Any CPU.Build.0 = Debug|Any CPU
		{CAAD98A9-6917-479C-AF92-73233AEBF0E3}.Release|Any CPU.ActiveCfg = Release|Any CPU
		{CAAD98A9-6917-479C-AF92-73233AEBF0E3}.Release|Any CPU.Build.0 = Release|Any CPU
		{EDDB19BF-9D4A-4324-AF73-926336111981}.Debug|Any CPU.ActiveCfg = Debug|Any CPU
		{EDDB19BF-9D4A-4324-AF73-926336111981}.Debug|Any CPU.Build.0 = Debug|Any CPU
		{EDDB19BF-9D4A-4324-AF73-926336111981}.Release|Any CPU.ActiveCfg = Release|Any CPU
		{EDDB19BF-9D4A-4324-AF73-926336111981}.Release|Any CPU.Build.0 = Release|Any CPU
		{059D9A98-2AD0-439B-B326-6BA9F6D1CECC}.Debug|Any CPU.ActiveCfg = Debug|Any CPU
		{059D9A98-2AD0-439B-B326-6BA9F6D1CECC}.Debug|Any CPU.Build.0 = Debug|Any CPU
		{059D9A98-2AD0-439B-B326-6BA9F6D1CECC}.Release|Any CPU.ActiveCfg = Release|Any CPU
		{059D9A98-2AD0-439B-B326-6BA9F6D1CECC}.Release|Any CPU.Build.0 = Release|Any CPU
		{472C8EB1-2F33-4451-A703-C9DDC5C8E89C}.Debug|Any CPU.ActiveCfg = Debug|Any CPU
		{472C8EB1-2F33-4451-A703-C9DDC5C8E89C}.Debug|Any CPU.Build.0 = Debug|Any CPU
		{472C8EB1-2F33-4451-A703-C9DDC5C8E89C}.Release|Any CPU.ActiveCfg = Release|Any CPU
		{472C8EB1-2F33-4451-A703-C9DDC5C8E89C}.Release|Any CPU.Build.0 = Release|Any CPU
		{29904019-B27F-43C8-AD72-E57B70F892F5}.Debug|Any CPU.ActiveCfg = Debug|Any CPU
		{29904019-B27F-43C8-AD72-E57B70F892F5}.Debug|Any CPU.Build.0 = Debug|Any CPU
		{29904019-B27F-43C8-AD72-E57B70F892F5}.Release|Any CPU.ActiveCfg = Release|Any CPU
		{29904019-B27F-43C8-AD72-E57B70F892F5}.Release|Any CPU.Build.0 = Release|Any CPU
	EndGlobalSection
	GlobalSection(NestedProjects) = preSolution
		{472C8EB1-2F33-4451-A703-C9DDC5C8E89C} = {2E8D784C-87B7-46E7-B851-7C0986DCDBC1}
		{29904019-B27F-43C8-AD72-E57B70F892F5} = {2E8D784C-87B7-46E7-B851-7C0986DCDBC1}
	EndGlobalSection
EndGlobal
